
Microsoft Visual Studio Solution File, Format Version 12.00
# Visual Studio Version 17
VisualStudioVersion = 17.14.36616.10 d17.14
MinimumVisualStudioVersion = 10.0.40219.1
Project("{FAE04EC0-301F-11D3-BF4B-00C04F79EFBC}") = "GEIS_charge_discharge_Autolab_ConsoleApp_05", "GEIS_charge_discharge_Autolab_ConsoleApp_05.csproj", "{AD129F72-2644-427B-9231-DAADE21A9383}"
EndProject
Global
	GlobalSection(SolutionConfigurationPlatforms) = preSolution
		Debug|Any CPU = Debug|Any CPU
		Release|Any CPU = Release|Any CPU
	EndGlobalSection
	GlobalSection(ProjectConfigurationPlatforms) = postSolution
		{AD129F72-2644-427B-9231-DAADE21A9383}.Debug|Any CPU.ActiveCfg = Debug|Any CPU
		{AD129F72-2644-427B-9231-DAADE21A9383}.Debug|Any CPU.Build.0 = Debug|Any CPU
		{AD129F72-2644-427B-9231-DAADE21A9383}.Release|Any CPU.ActiveCfg = Release|Any CPU
		{AD129F72-2644-427B-9231-DAADE21A9383}.Release|Any CPU.Build.0 = Release|Any CPU
	EndGlobalSection
	GlobalSection(SolutionProperties) = preSolution
		HideSolutionNode = FALSE
	EndGlobalSection
	GlobalSection(ExtensibilityGlobals) = postSolution
		SolutionGuid = {718719A4-ADC0-4900-AE67-7058BB91AB08}
	EndGlobalSection
EndGlobal
